
Microsoft Visual Studio Solution File, Format Version 12.00
# Visual Studio Version 17
VisualStudioVersion = 17.0.31903.59
MinimumVisualStudioVersion = 10.0.40219.1
Project("{2150E333-8FDC-42A3-9474-1A3956D46DE8}") = "src", "src", "{827E0CD3-B72D-47B6-A68D-7590B98EB39B}"
EndProject
Project("{FAE04EC0-301F-11D3-BF4B-00C04F79EFBC}") = "Domain", "src\Domain\Domain.csproj", "{4ECD2D9A-73CF-4314-B9E7-4A4A16E24E84}"
EndProject
Project("{FAE04EC0-301F-11D3-BF4B-00C04F79EFBC}") = "Application", "src\Application\Application.csproj", "{DD9382FD-BB65-42A9-8747-196122B876A1}"
EndProject
Project("{FAE04EC0-301F-11D3-BF4B-00C04F79EFBC}") = "Infrastructure", "src\Infrastructure\Infrastructure.csproj", "{21DD7164-9022-4DE3-BBAA-903BFF388EBA}"
EndProject
Project("{FAE04EC0-301F-11D3-BF4B-00C04F79EFBC}") = "Api", "src\Api\Api.csproj", "{BDE7CA80-B881-400A-A05F-7CA9BB2EBDE7}"
EndProject
Project("{2150E333-8FDC-42A3-9474-1A3956D46DE8}") = "tests", "tests", "{0AB3BF05-4346-4AA6-1389-037BE0695223}"
EndProject
Project("{FAE04EC0-301F-11D3-BF4B-00C04F79EFBC}") = "UnitTests", "tests\UnitTests\UnitTests.csproj", "{2AD6C1E6-554E-4DF3-88A6-8CFD87A10CF9}"
EndProject
Project("{FAE04EC0-301F-11D3-BF4B-00C04F79EFBC}") = "IntegrationTests", "tests\IntegrationTests\IntegrationTests.csproj", "{8981708A-1F2C-466E-BBEC-41EA6A24345D}"
EndProject
Global
	GlobalSection(SolutionConfigurationPlatforms) = preSolution
		Debug|Any CPU = Debug|Any CPU
		Debug|x64 = Debug|x64
		Debug|x86 = Debug|x86
		Release|Any CPU = Release|Any CPU
		Release|x64 = Release|x64
		Release|x86 = Release|x86
	EndGlobalSection
	GlobalSection(ProjectConfigurationPlatforms) = postSolution
		{4ECD2D9A-73CF-4314-B9E7-4A4A16E24E84}.Debug|Any CPU.ActiveCfg = Debug|Any CPU
		{4ECD2D9A-73CF-4314-B9E7-4A4A16E24E84}.Debug|Any CPU.Build.0 = Debug|Any CPU
		{4ECD2D9A-73CF-4314-B9E7-4A4A16E24E84}.Debug|x64.ActiveCfg = Debug|Any CPU
		{4ECD2D9A-73CF-4314-B9E7-4A4A16E24E84}.Debug|x64.Build.0 = Debug|Any CPU
		{4ECD2D9A-73CF-4314-B9E7-4A4A16E24E84}.Debug|x86.ActiveCfg = Debug|Any CPU
		{4ECD2D9A-73CF-4314-B9E7-4A4A16E24E84}.Debug|x86.Build.0 = Debug|Any CPU
		{4ECD2D9A-73CF-4314-B9E7-4A4A16E24E84}.Release|Any CPU.ActiveCfg = Release|Any CPU
		{4ECD2D9A-73CF-4314-B9E7-4A4A16E24E84}.Release|Any CPU.Build.0 = Release|Any CPU
		{4ECD2D9A-73CF-4314-B9E7-4A4A16E24E84}.Release|x64.ActiveCfg = Release|Any CPU
		{4ECD2D9A-73CF-4314-B9E7-4A4A16E24E84}.Release|x64.Build.0 = Release|Any CPU
		{4ECD2D9A-73CF-4314-B9E7-4A4A16E24E84}.Release|x86.ActiveCfg = Release|Any CPU
		{4ECD2D9A-73CF-4314-B9E7-4A4A16E24E84}.Release|x86.Build.0 = Release|Any CPU
		{DD9382FD-BB65-42A9-8747-196122B876A1}.Debug|Any CPU.ActiveCfg = Debug|Any CPU
		{DD9382FD-BB65-42A9-8747-196122B876A1}.Debug|Any CPU.Build.0 = Debug|Any CPU
		{DD9382FD-BB65-42A9-8747-196122B876A1}.Debug|x64.ActiveCfg = Debug|Any CPU
		{DD9382FD-BB65-42A9-8747-196122B876A1}.Debug|x64.Build.0 = Debug|Any CPU
		{DD9382FD-BB65-42A9-8747-196122B876A1}.Debug|x86.ActiveCfg = Debug|Any CPU
		{DD9382FD-BB65-42A9-8747-196122B876A1}.Debug|x86.Build.0 = Debug|Any CPU
		{DD9382FD-BB65-42A9-8747-196122B876A1}.Release|Any CPU.ActiveCfg = Release|Any CPU
		{DD9382FD-BB65-42A9-8747-196122B876A1}.Release|Any CPU.Build.0 = Release|Any CPU
		{DD9382FD-BB65-42A9-8747-196122B876A1}.Release|x64.ActiveCfg = Release|Any CPU
		{DD9382FD-BB65-42A9-8747-196122B876A1}.Release|x64.Build.0 = Release|Any CPU
		{DD9382FD-BB65-42A9-8747-196122B876A1}.Release|x86.ActiveCfg = Release|Any CPU
		{DD9382FD-BB65-42A9-8747-196122B876A1}.Release|x86.Build.0 = Release|Any CPU
		{21DD7164-9022-4DE3-BBAA-903BFF388EBA}.Debug|Any CPU.ActiveCfg = Debug|Any CPU
		{21DD7164-9022-4DE3-BBAA-903BFF388EBA}.Debug|Any CPU.Build.0 = Debug|Any CPU
		{21DD7164-9022-4DE3-BBAA-903BFF388EBA}.Debug|x64.ActiveCfg = Debug|Any CPU
		{21DD7164-9022-4DE3-BBAA-903BFF388EBA}.Debug|x64.Build.0 = Debug|Any CPU
		{21DD7164-9022-4DE3-BBAA-903BFF388EBA}.Debug|x86.ActiveCfg = Debug|Any CPU
		{21DD7164-9022-4DE3-BBAA-903BFF388EBA}.Debug|x86.Build.0 = Debug|Any CPU
		{21DD7164-9022-4DE3-BBAA-903BFF388EBA}.Release|Any CPU.ActiveCfg = Release|Any CPU
		{21DD7164-9022-4DE3-BBAA-903BFF388EBA}.Release|Any CPU.Build.0 = Release|Any CPU
		{21DD7164-9022-4DE3-BBAA-903BFF388EBA}.Release|x64.ActiveCfg = Release|Any CPU
		{21DD7164-9022-4DE3-BBAA-903BFF388EBA}.Release|x64.Build.0 = Release|Any CPU
		{21DD7164-9022-4DE3-BBAA-903BFF388EBA}.Release|x86.ActiveCfg = Release|Any CPU
		{21DD7164-9022-4DE3-BBAA-903BFF388EBA}.Release|x86.Build.0 = Release|Any CPU
		{BDE7CA80-B881-400A-A05F-7CA9BB2EBDE7}.Debug|Any CPU.ActiveCfg = Debug|Any CPU
		{BDE7CA80-B881-400A-A05F-7CA9BB2EBDE7}.Debug|Any CPU.Build.0 = Debug|Any CPU
		{BDE7CA80-B881-400A-A05F-7CA9BB2EBDE7}.Debug|x64.ActiveCfg = Debug|Any CPU
		{BDE7CA80-B881-400A-A05F-7CA9BB2EBDE7}.Debug|x64.Build.0 = Debug|Any CPU
		{BDE7CA80-B881-400A-A05F-7CA9BB2EBDE7}.Debug|x86.ActiveCfg = Debug|Any CPU
		{BDE7CA80-B881-400A-A05F-7CA9BB2EBDE7}.Debug|x86.Build.0 = Debug|Any CPU
		{BDE7CA80-B881-400A-A05F-7CA9BB2EBDE7}.Release|Any CPU.ActiveCfg = Release|Any CPU
		{BDE7CA80-B881-400A-A05F-7CA9BB2EBDE7}.Release|Any CPU.Build.0 = Release|Any CPU
		{BDE7CA80-B881-400A-A05F-7CA9BB2EBDE7}.Release|x64.ActiveCfg = Release|Any CPU
		{BDE7CA80-B881-400A-A05F-7CA9BB2EBDE7}.Release|x64.Build.0 = Release|Any CPU
		{BDE7CA80-B881-400A-A05F-7CA9BB2EBDE7}.Release|x86.ActiveCfg = Release|Any CPU
		{BDE7CA80-B881-400A-A05F-7CA9BB2EBDE7}.Release|x86.Build.0 = Release|Any CPU
		{2AD6C1E6-554E-4DF3-88A6-8CFD87A10CF9}.Debug|Any CPU.ActiveCfg = Debug|Any CPU
		{2AD6C1E6-554E-4DF3-88A6-8CFD87A10CF9}.Debug|Any CPU.Build.0 = Debug|Any CPU
		{2AD6C1E6-554E-4DF3-88A6-8CFD87A10CF9}.Debug|x64.ActiveCfg = Debug|Any CPU
		{2AD6C1E6-554E-4DF3-88A6-8CFD87A10CF9}.Debug|x64.Build.0 = Debug|Any CPU
		{2AD6C1E6-554E-4DF3-88A6-8CFD87A10CF9}.Debug|x86.ActiveCfg = Debug|Any CPU
		{2AD6C1E6-554E-4DF3-88A6-8CFD87A10CF9}.Debug|x86.Build.0 = Debug|Any CPU
		{2AD6C1E6-554E-4DF3-88A6-8CFD87A10CF9}.Release|Any CPU.ActiveCfg = Release|Any CPU
		{2AD6C1E6-554E-4DF3-88A6-8CFD87A10CF9}.Release|Any CPU.Build.0 = Release|Any CPU
		{2AD6C1E6-554E-4DF3-88A6-8CFD87A10CF9}.Release|x64.ActiveCfg = Release|Any CPU
		{2AD6C1E6-554E-4DF3-88A6-8CFD87A10CF9}.Release|x64.Build.0 = Release|Any CPU
		{2AD6C1E6-554E-4DF3-88A6-8CFD87A10CF9}.Release|x86.ActiveCfg = Release|Any CPU
		{2AD6C1E6-554E-4DF3-88A6-8CFD87A10CF9}.Release|x86.Build.0 = Release|Any CPU
		{8981708A-1F2C-466E-BBEC-41EA6A24345D}.Debug|Any CPU.ActiveCfg = Debug|Any CPU
		{8981708A-1F2C-466E-BBEC-41EA6A24345D}.Debug|Any CPU.Build.0 = Debug|Any CPU
		{8981708A-1F2C-466E-BBEC-41EA6A24345D}.Debug|x64.ActiveCfg = Debug|Any CPU
		{8981708A-1F2C-466E-BBEC-41EA6A24345D}.Debug|x64.Build.0 = Debug|Any CPU
		{8981708A-1F2C-466E-BBEC-41EA6A24345D}.Debug|x86.ActiveCfg = Debug|Any CPU
		{8981708A-1F2C-466E-BBEC-41EA6A24345D}.Debug|x86.Build.0 = Debug|Any CPU
		{8981708A-1F2C-466E-BBEC-41EA6A24345D}.Release|Any CPU.ActiveCfg = Release|Any CPU
		{8981708A-1F2C-466E-BBEC-41EA6A24345D}.Release|Any CPU.Build.0 = Release|Any CPU
		{8981708A-1F2C-466E-BBEC-41EA6A24345D}.Release|x64.ActiveCfg = Release|Any CPU
		{8981708A-1F2C-466E-BBEC-41EA6A24345D}.Release|x64.Build.0 = Release|Any CPU
		{8981708A-1F2C-466E-BBEC-41EA6A24345D}.Release|x86.ActiveCfg = Release|Any CPU
		{8981708A-1F2C-466E-BBEC-41EA6A24345D}.Release|x86.Build.0 = Release|Any CPU
	EndGlobalSection
	GlobalSection(SolutionProperties) = preSolution
		HideSolutionNode = FALSE
	EndGlobalSection
	GlobalSection(NestedProjects) = preSolution
		{4ECD2D9A-73CF-4314-B9E7-4A4A16E24E84} = {827E0CD3-B72D-47B6-A68D-7590B98EB39B}
		{DD9382FD-BB65-42A9-8747-196122B876A1} = {827E0CD3-B72D-47B6-A68D-7590B98EB39B}
		{21DD7164-9022-4DE3-BBAA-903BFF388EBA} = {827E0CD3-B72D-47B6-A68D-7590B98EB39B}
		{BDE7CA80-B881-400A-A05F-7CA9BB2EBDE7} = {827E0CD3-B72D-47B6-A68D-7590B98EB39B}
		{2AD6C1E6-554E-4DF3-88A6-8CFD87A10CF9} = {0AB3BF05-4346-4AA6-1389-037BE0695223}
		{8981708A-1F2C-466E-BBEC-41EA6A24345D} = {0AB3BF05-4346-4AA6-1389-037BE0695223}
	EndGlobalSection
EndGlobal
